// !$*UTF8*$!
{
	archiveVersion = 1;
	classes = {
	};
	objectVersion = 56;
	objects = {

/* Begin PBXBuildFile section */
		D455AB7B2CA19B9400CC81E2 /* little_lemonApp.swift in Sources */ = {isa = PBXBuildFile; fileRef = D455AB7A2CA19B9400CC81E2 /* little_lemonApp.swift */; };
		D455AB7D2CA19B9400CC81E2 /* ContentView.swift in Sources */ = {isa = PBXBuildFile; fileRef = D455AB7C2CA19B9400CC81E2 /* ContentView.swift */; };
		D455AB7F2CA19B9500CC81E2 /* Assets.xcassets in Resources */ = {isa = PBXBuildFile; fileRef = D455AB7E2CA19B9500CC81E2 /* Assets.xcassets */; };
		D455AB822CA19B9500CC81E2 /* Preview Assets.xcassets in Resources */ = {isa = PBXBuildFile; fileRef = D455AB812CA19B9500CC81E2 /* Preview Assets.xcassets */; };
		D455AB8C2CA19B9600CC81E2 /* little_lemonTests.swift in Sources */ = {isa = PBXBuildFile; fileRef = D455AB8B2CA19B9600CC81E2 /* little_lemonTests.swift */; };
		D455AB962CA19B9600CC81E2 /* little_lemonUITests.swift in Sources */ = {isa = PBXBuildFile; fileRef = D455AB952CA19B9600CC81E2 /* little_lemonUITests.swift */; };
		D455AB982CA19B9600CC81E2 /* little_lemonUITestsLaunchTests.swift in Sources */ = {isa = PBXBuildFile; fileRef = D455AB972CA19B9600CC81E2 /* little_lemonUITestsLaunchTests.swift */; };
		D455ABAE2CA19D1B00CC81E2 /* ExampleDatabase.xcdatamodeld in Sources */ = {isa = PBXBuildFile; fileRef = D455ABAC2CA19D1B00CC81E2 /* ExampleDatabase.xcdatamodeld */; };
		D455ABB12CA19DF500CC81E2 /* MenuItem.swift in Sources */ = {isa = PBXBuildFile; fileRef = D455ABB02CA19DF500CC81E2 /* MenuItem.swift */; };
		D455ABB32CA19E1200CC81E2 /* MenuList.swift in Sources */ = {isa = PBXBuildFile; fileRef = D455ABB22CA19E1200CC81E2 /* MenuList.swift */; };
		D455ABB62CA19E4F00CC81E2 /* ViewModel.swift in Sources */ = {isa = PBXBuildFile; fileRef = D455ABB52CA19E4F00CC81E2 /* ViewModel.swift */; };
		D455ABB92CA19FAD00CC81E2 /* DetailItem.swift in Sources */ = {isa = PBXBuildFile; fileRef = D455ABB82CA19FAD00CC81E2 /* DetailItem.swift */; };
		D455ABBB2CA19FDC00CC81E2 /* FoodItem.swift in Sources */ = {isa = PBXBuildFile; fileRef = D455ABBA2CA19FDC00CC81E2 /* FoodItem.swift */; };
		D455ABBD2CA19FEF00CC81E2 /* Header.swift in Sources */ = {isa = PBXBuildFile; fileRef = D455ABBC2CA19FEF00CC81E2 /* Header.swift */; };
		D455ABBF2CA1A00500CC81E2 /* Hero.swift in Sources */ = {isa = PBXBuildFile; fileRef = D455ABBE2CA1A00500CC81E2 /* Hero.swift */; };
		D455ABC12CA1A01900CC81E2 /* Home.swift in Sources */ = {isa = PBXBuildFile; fileRef = D455ABC02CA1A01900CC81E2 /* Home.swift */; };
		D455ABC32CA1A06200CC81E2 /* MainScreen.swift in Sources */ = {isa = PBXBuildFile; fileRef = D455ABC22CA1A06200CC81E2 /* MainScreen.swift */; };
		D455ABC52CA1A07D00CC81E2 /* Menu.swift in Sources */ = {isa = PBXBuildFile; fileRef = D455ABC42CA1A07D00CC81E2 /* Menu.swift */; };
		D455ABC72CA1A0A000CC81E2 /* Onboarding.swift in Sources */ = {isa = PBXBuildFile; fileRef = D455ABC62CA1A0A000CC81E2 /* Onboarding.swift */; };
		D455ABC92CA1A1FB00CC81E2 /* UserProfile.swift in Sources */ = {isa = PBXBuildFile; fileRef = D455ABC82CA1A1FB00CC81E2 /* UserProfile.swift */; };
		D455ABCB2CA1A39D00CC81E2 /* FetchedObjects.swift in Sources */ = {isa = PBXBuildFile; fileRef = D455ABCA2CA1A39D00CC81E2 /* FetchedObjects.swift */; };
		D455ABCD2CA1A46B00CC81E2 /* Persistance.swift in Sources */ = {isa = PBXBuildFile; fileRef = D455ABCC2CA1A46B00CC81E2 /* Persistance.swift */; };
		D455ABCF2CA1A4E800CC81E2 /* Styles.swift in Sources */ = {isa = PBXBuildFile; fileRef = D455ABCE2CA1A4E800CC81E2 /* Styles.swift */; };
/* End PBXBuildFile section */

/* Begin PBXContainerItemProxy section */
		D455AB882CA19B9600CC81E2 /* PBXContainerItemProxy */ = {
			isa = PBXContainerItemProxy;
			containerPortal = D455AB6F2CA19B9400CC81E2 /* Project object */;
			proxyType = 1;
			remoteGlobalIDString = D455AB762CA19B9400CC81E2;
			remoteInfo = little_lemon;
		};
		D455AB922CA19B9600CC81E2 /* PBXContainerItemProxy */ = {
			isa = PBXContainerItemProxy;
			containerPortal = D455AB6F2CA19B9400CC81E2 /* Project object */;
			proxyType = 1;
			remoteGlobalIDString = D455AB762CA19B9400CC81E2;
			remoteInfo = little_lemon;
		};
/* End PBXContainerItemProxy section */

/* Begin PBXFileReference section */
		D455AB772CA19B9400CC81E2 /* little_lemon.app */ = {isa = PBXFileReference; explicitFileType = wrapper.application; includeInIndex = 0; path = little_lemon.app; sourceTree = BUILT_PRODUCTS_DIR; };
		D455AB7A2CA19B9400CC81E2 /* little_lemonApp.swift */ = {isa = PBXFileReference; lastKnownFileType = sourcecode.swift; path = little_lemonApp.swift; sourceTree = "<group>"; };
		D455AB7C2CA19B9400CC81E2 /* ContentView.swift */ = {isa = PBXFileReference; lastKnownFileType = sourcecode.swift; path = ContentView.swift; sourceTree = "<group>"; };
		D455AB7E2CA19B9500CC81E2 /* Assets.xcassets */ = {isa = PBXFileReference; lastKnownFileType = folder.assetcatalog; path = Assets.xcassets; sourceTree = "<group>"; };
		D455AB812CA19B9500CC81E2 /* Preview Assets.xcassets */ = {isa = PBXFileReference; lastKnownFileType = folder.assetcatalog; path = "Preview Assets.xcassets"; sourceTree = "<group>"; };
		D455AB872CA19B9600CC81E2 /* little_lemonTests.xctest */ = {isa = PBXFileReference; explicitFileType = wrapper.cfbundle; includeInIndex = 0; path = little_lemonTests.xctest; sourceTree = BUILT_PRODUCTS_DIR; };
		D455AB8B2CA19B9600CC81E2 /* little_lemonTests.swift */ = {isa = PBXFileReference; lastKnownFileType = sourcecode.swift; path = little_lemonTests.swift; sourceTree = "<group>"; };
		D455AB912CA19B9600CC81E2 /* little_lemonUITests.xctest */ = {isa = PBXFileReference; explicitFileType = wrapper.cfbundle; includeInIndex = 0; path = little_lemonUITests.xctest; sourceTree = BUILT_PRODUCTS_DIR; };
		D455AB952CA19B9600CC81E2 /* little_lemonUITests.swift */ = {isa = PBXFileReference; lastKnownFileType = sourcecode.swift; path = little_lemonUITests.swift; sourceTree = "<group>"; };
		D455AB972CA19B9600CC81E2 /* little_lemonUITestsLaunchTests.swift */ = {isa = PBXFileReference; lastKnownFileType = sourcecode.swift; path = little_lemonUITestsLaunchTests.swift; sourceTree = "<group>"; };
		D455ABAD2CA19D1B00CC81E2 /* ExampleDatabase.xcdatamodel */ = {isa = PBXFileReference; lastKnownFileType = wrapper.xcdatamodel; path = ExampleDatabase.xcdatamodel; sourceTree = "<group>"; };
		D455ABB02CA19DF500CC81E2 /* MenuItem.swift */ = {isa = PBXFileReference; lastKnownFileType = sourcecode.swift; path = MenuItem.swift; sourceTree = "<group>"; };
		D455ABB22CA19E1200CC81E2 /* MenuList.swift */ = {isa = PBXFileReference; lastKnownFileType = sourcecode.swift; path = MenuList.swift; sourceTree = "<group>"; };
		D455ABB52CA19E4F00CC81E2 /* ViewModel.swift */ = {isa = PBXFileReference; lastKnownFileType = sourcecode.swift; path = ViewModel.swift; sourceTree = "<group>"; };
		D455ABB82CA19FAD00CC81E2 /* DetailItem.swift */ = {isa = PBXFileReference; lastKnownFileType = sourcecode.swift; path = DetailItem.swift; sourceTree = "<group>"; };
		D455ABBA2CA19FDC00CC81E2 /* FoodItem.swift */ = {isa = PBXFileReference; lastKnownFileType = sourcecode.swift; path = FoodItem.swift; sourceTree = "<group>"; };
		D455ABBC2CA19FEF00CC81E2 /* Header.swift */ = {isa = PBXFileReference; lastKnownFileType = sourcecode.swift; path = Header.swift; sourceTree = "<group>"; };
		D455ABBE2CA1A00500CC81E2 /* Hero.swift */ = {isa = PBXFileReference; lastKnownFileType = sourcecode.swift; path = Hero.swift; sourceTree = "<group>"; };
		D455ABC02CA1A01900CC81E2 /* Home.swift */ = {isa = PBXFileReference; lastKnownFileType = sourcecode.swift; path = Home.swift; sourceTree = "<group>"; };
		D455ABC22CA1A06200CC81E2 /* MainScreen.swift */ = {isa = PBXFileReference; lastKnownFileType = sourcecode.swift; path = MainScreen.swift; sourceTree = "<group>"; };
		D455ABC42CA1A07D00CC81E2 /* Menu.swift */ = {isa = PBXFileReference; lastKnownFileType = sourcecode.swift; path = Menu.swift; sourceTree = "<group>"; };
		D455ABC62CA1A0A000CC81E2 /* Onboarding.swift */ = {isa = PBXFileReference; lastKnownFileType = sourcecode.swift; path = Onboarding.swift; sourceTree = "<group>"; };
		D455ABC82CA1A1FB00CC81E2 /* UserProfile.swift */ = {isa = PBXFileReference; lastKnownFileType = sourcecode.swift; path = UserProfile.swift; sourceTree = "<group>"; };
		D455ABCA2CA1A39D00CC81E2 /* FetchedObjects.swift */ = {isa = PBXFileReference; lastKnownFileType = sourcecode.swift; path = FetchedObjects.swift; sourceTree = "<group>"; };
		D455ABCC2CA1A46B00CC81E2 /* Persistance.swift */ = {isa = PBXFileReference; lastKnownFileType = sourcecode.swift; path = Persistance.swift; sourceTree = "<group>"; };
		D455ABCE2CA1A4E800CC81E2 /* Styles.swift */ = {isa = PBXFileReference; lastKnownFileType = sourcecode.swift; path = Styles.swift; sourceTree = "<group>"; };
/* End PBXFileReference section */

/* Begin PBXFrameworksBuildPhase section */
		D455AB742CA19B9400CC81E2 /* Frameworks */ = {
			isa = PBXFrameworksBuildPhase;
			buildActionMask = 2147483647;
			files = (
			);
			runOnlyForDeploymentPostprocessing = 0;
		};
		D455AB842CA19B9600CC81E2 /* Frameworks */ = {
			isa = PBXFrameworksBuildPhase;
			buildActionMask = 2147483647;
			files = (
			);
			runOnlyForDeploymentPostprocessing = 0;
		};
		D455AB8E2CA19B9600CC81E2 /* Frameworks */ = {
			isa = PBXFrameworksBuildPhase;
			buildActionMask = 2147483647;
			files = (
			);
			runOnlyForDeploymentPostprocessing = 0;
		};
/* End PBXFrameworksBuildPhase section */

/* Begin PBXGroup section */
		D455AB6E2CA19B9400CC81E2 = {
			isa = PBXGroup;
			children = (
				D455AB792CA19B9400CC81E2 /* little_lemon */,
				D455AB8A2CA19B9600CC81E2 /* little_lemonTests */,
				D455AB942CA19B9600CC81E2 /* little_lemonUITests */,
				D455AB782CA19B9400CC81E2 /* Products */,
			);
			sourceTree = "<group>";
		};
		D455AB782CA19B9400CC81E2 /* Products */ = {
			isa = PBXGroup;
			children = (
				D455AB772CA19B9400CC81E2 /* little_lemon.app */,
				D455AB872CA19B9600CC81E2 /* little_lemonTests.xctest */,
				D455AB912CA19B9600CC81E2 /* little_lemonUITests.xctest */,
			);
			name = Products;
			sourceTree = "<group>";
		};
		D455AB792CA19B9400CC81E2 /* little_lemon */ = {
			isa = PBXGroup;
			children = (
				D455AB7E2CA19B9500CC81E2 /* Assets.xcassets */,
				D455ABCA2CA1A39D00CC81E2 /* FetchedObjects.swift */,
				D455ABB72CA19ECE00CC81E2 /* Views */,
				D455ABB42CA19E2B00CC81E2 /* ViewModels */,
				D455ABAF2CA19DDD00CC81E2 /* Models */,
				D455ABA42CA19C6000CC81E2 /* CoreData */,
				D455AB7A2CA19B9400CC81E2 /* little_lemonApp.swift */,
				D455AB7C2CA19B9400CC81E2 /* ContentView.swift */,
				D455ABCC2CA1A46B00CC81E2 /* Persistance.swift */,
				D455AB802CA19B9500CC81E2 /* Preview Content */,
				D455ABCE2CA1A4E800CC81E2 /* Styles.swift */,
			);
			path = little_lemon;
			sourceTree = "<group>";
		};
		D455AB802CA19B9500CC81E2 /* Preview Content */ = {
			isa = PBXGroup;
			children = (
				D455AB812CA19B9500CC81E2 /* Preview Assets.xcassets */,
			);
			path = "Preview Content";
			sourceTree = "<group>";
		};
		D455AB8A2CA19B9600CC81E2 /* little_lemonTests */ = {
			isa = PBXGroup;
			children = (
				D455AB8B2CA19B9600CC81E2 /* little_lemonTests.swift */,
			);
			path = little_lemonTests;
			sourceTree = "<group>";
		};
		D455AB942CA19B9600CC81E2 /* little_lemonUITests */ = {
			isa = PBXGroup;
			children = (
				D455AB952CA19B9600CC81E2 /* little_lemonUITests.swift */,
				D455AB972CA19B9600CC81E2 /* little_lemonUITestsLaunchTests.swift */,
			);
			path = little_lemonUITests;
			sourceTree = "<group>";
		};
		D455ABA42CA19C6000CC81E2 /* CoreData */ = {
			isa = PBXGroup;
			children = (
				D455ABA52CA19C7100CC81E2 /* ExampleDatabase */,
			);
			path = CoreData;
			sourceTree = "<group>";
		};
		D455ABA52CA19C7100CC81E2 /* ExampleDatabase */ = {
			isa = PBXGroup;
			children = (
				D455ABAC2CA19D1B00CC81E2 /* ExampleDatabase.xcdatamodeld */,
			);
			path = ExampleDatabase;
			sourceTree = "<group>";
		};
		D455ABAF2CA19DDD00CC81E2 /* Models */ = {
			isa = PBXGroup;
			children = (
				D455ABB02CA19DF500CC81E2 /* MenuItem.swift */,
				D455ABB22CA19E1200CC81E2 /* MenuList.swift */,
			);
			path = Models;
			sourceTree = "<group>";
		};
		D455ABB42CA19E2B00CC81E2 /* ViewModels */ = {
			isa = PBXGroup;
			children = (
				D455ABB52CA19E4F00CC81E2 /* ViewModel.swift */,
			);
			path = ViewModels;
			sourceTree = "<group>";
		};
		D455ABB72CA19ECE00CC81E2 /* Views */ = {
			isa = PBXGroup;
			children = (
				D455ABB82CA19FAD00CC81E2 /* DetailItem.swift */,
				D455ABBA2CA19FDC00CC81E2 /* FoodItem.swift */,
				D455ABBC2CA19FEF00CC81E2 /* Header.swift */,
				D455ABBE2CA1A00500CC81E2 /* Hero.swift */,
				D455ABC02CA1A01900CC81E2 /* Home.swift */,
				D455ABC22CA1A06200CC81E2 /* MainScreen.swift */,
				D455ABC42CA1A07D00CC81E2 /* Menu.swift */,
				D455ABC62CA1A0A000CC81E2 /* Onboarding.swift */,
				D455ABC82CA1A1FB00CC81E2 /* UserProfile.swift */,
			);
			path = Views;
			sourceTree = "<group>";
		};
/* End PBXGroup section */

/* Begin PBXNativeTarget section */
		D455AB762CA19B9400CC81E2 /* little_lemon */ = {
			isa = PBXNativeTarget;
			buildConfigurationList = D455AB9B2CA19B9600CC81E2 /* Build configuration list for PBXNativeTarget "little_lemon" */;
			buildPhases = (
				D455AB732CA19B9400CC81E2 /* Sources */,
				D455AB742CA19B9400CC81E2 /* Frameworks */,
				D455AB752CA19B9400CC81E2 /* Resources */,
			);
			buildRules = (
			);
			dependencies = (
			);
			name = little_lemon;
			productName = little_lemon;
			productReference = D455AB772CA19B9400CC81E2 /* little_lemon.app */;
			productType = "com.apple.product-type.application";
		};
		D455AB862CA19B9600CC81E2 /* little_lemonTests */ = {
			isa = PBXNativeTarget;
			buildConfigurationList = D455AB9E2CA19B9600CC81E2 /* Build configuration list for PBXNativeTarget "little_lemonTests" */;
			buildPhases = (
				D455AB832CA19B9600CC81E2 /* Sources */,
				D455AB842CA19B9600CC81E2 /* Frameworks */,
				D455AB852CA19B9600CC81E2 /* Resources */,
			);
			buildRules = (
			);
			dependencies = (
				D455AB892CA19B9600CC81E2 /* PBXTargetDependency */,
			);
			name = little_lemonTests;
			productName = little_lemonTests;
			productReference = D455AB872CA19B9600CC81E2 /* little_lemonTests.xctest */;
			productType = "com.apple.product-type.bundle.unit-test";
		};
		D455AB902CA19B9600CC81E2 /* little_lemonUITests */ = {
			isa = PBXNativeTarget;
			buildConfigurationList = D455ABA12CA19B9600CC81E2 /* Build configuration list for PBXNativeTarget "little_lemonUITests" */;
			buildPhases = (
				D455AB8D2CA19B9600CC81E2 /* Sources */,
				D455AB8E2CA19B9600CC81E2 /* Frameworks */,
				D455AB8F2CA19B9600CC81E2 /* Resources */,
			);
			buildRules = (
			);
			dependencies = (
				D455AB932CA19B9600CC81E2 /* PBXTargetDependency */,
			);
			name = little_lemonUITests;
			productName = little_lemonUITests;
			productReference = D455AB912CA19B9600CC81E2 /* little_lemonUITests.xctest */;
			productType = "com.apple.product-type.bundle.ui-testing";
		};
/* End PBXNativeTarget section */

/* Begin PBXProject section */
		D455AB6F2CA19B9400CC81E2 /* Project object */ = {
			isa = PBXProject;
			attributes = {
				BuildIndependentTargetsInParallel = 1;
				LastSwiftUpdateCheck = 1500;
				LastUpgradeCheck = 1500;
				TargetAttributes = {
					D455AB762CA19B9400CC81E2 = {
						CreatedOnToolsVersion = 15.0.1;
					};
					D455AB862CA19B9600CC81E2 = {
						CreatedOnToolsVersion = 15.0.1;
						TestTargetID = D455AB762CA19B9400CC81E2;
					};
					D455AB902CA19B9600CC81E2 = {
						CreatedOnToolsVersion = 15.0.1;
						TestTargetID = D455AB762CA19B9400CC81E2;
					};
				};
			};
			buildConfigurationList = D455AB722CA19B9400CC81E2 /* Build configuration list for PBXProject "little_lemon" */;
			compatibilityVersion = "Xcode 14.0";
			developmentRegion = en;
			hasScannedForEncodings = 0;
			knownRegions = (
				en,
				Base,
			);
			mainGroup = D455AB6E2CA19B9400CC81E2;
			productRefGroup = D455AB782CA19B9400CC81E2 /* Products */;
			projectDirPath = "";
			projectRoot = "";
			targets = (
				D455AB762CA19B9400CC81E2 /* little_lemon */,
				D455AB862CA19B9600CC81E2 /* little_lemonTests */,
				D455AB902CA19B9600CC81E2 /* little_lemonUITests */,
			);
		};
/* End PBXProject section */

/* Begin PBXResourcesBuildPhase section */
		D455AB752CA19B9400CC81E2 /* Resources */ = {
			isa = PBXResourcesBuildPhase;
			buildActionMask = 2147483647;
			files = (
				D455AB822CA19B9500CC81E2 /* Preview Assets.xcassets in Resources */,
				D455AB7F2CA19B9500CC81E2 /* Assets.xcassets in Resources */,
			);
			runOnlyForDeploymentPostprocessing = 0;
		};
		D455AB852CA19B9600CC81E2 /* Resources */ = {
			isa = PBXResourcesBuildPhase;
			buildActionMask = 2147483647;
			files = (
			);
			runOnlyForDeploymentPostprocessing = 0;
		};
		D455AB8F2CA19B9600CC81E2 /* Resources */ = {
			isa = PBXResourcesBuildPhase;
			buildActionMask = 2147483647;
			files = (
			);
			runOnlyForDeploymentPostprocessing = 0;
		};
/* End PBXResourcesBuildPhase section */

/* Begin PBXSourcesBuildPhase section */
		D455AB732CA19B9400CC81E2 /* Sources */ = {
			isa = PBXSourcesBuildPhase;
			buildActionMask = 2147483647;
			files = (
				D455ABAE2CA19D1B00CC81E2 /* ExampleDatabase.xcdatamodeld in Sources */,
				D455AB7D2CA19B9400CC81E2 /* ContentView.swift in Sources */,
				D455ABB92CA19FAD00CC81E2 /* DetailItem.swift in Sources */,
				D455ABBB2CA19FDC00CC81E2 /* FoodItem.swift in Sources */,
				D455ABBD2CA19FEF00CC81E2 /* Header.swift in Sources */,
				D455ABC12CA1A01900CC81E2 /* Home.swift in Sources */,
				D455ABB12CA19DF500CC81E2 /* MenuItem.swift in Sources */,
				D455ABCB2CA1A39D00CC81E2 /* FetchedObjects.swift in Sources */,
				D455ABC32CA1A06200CC81E2 /* MainScreen.swift in Sources */,
				D455ABC52CA1A07D00CC81E2 /* Menu.swift in Sources */,
				D455ABCF2CA1A4E800CC81E2 /* Styles.swift in Sources */,
				D455AB7B2CA19B9400CC81E2 /* little_lemonApp.swift in Sources */,
				D455ABB62CA19E4F00CC81E2 /* ViewModel.swift in Sources */,
				D455ABB32CA19E1200CC81E2 /* MenuList.swift in Sources */,
				D455ABC72CA1A0A000CC81E2 /* Onboarding.swift in Sources */,
				D455ABCD2CA1A46B00CC81E2 /* Persistance.swift in Sources */,
				D455ABBF2CA1A00500CC81E2 /* Hero.swift in Sources */,
				D455ABC92CA1A1FB00CC81E2 /* UserProfile.swift in Sources */,
			);
			runOnlyForDeploymentPostprocessing = 0;
		};
		D455AB832CA19B9600CC81E2 /* Sources */ = {
			isa = PBXSourcesBuildPhase;
			buildActionMask = 2147483647;
			files = (
				D455AB8C2CA19B9600CC81E2 /* little_lemonTests.swift in Sources */,
			);
			runOnlyForDeploymentPostprocessing = 0;
		};
		D455AB8D2CA19B9600CC81E2 /* Sources */ = {
			isa = PBXSourcesBuildPhase;
			buildActionMask = 2147483647;
			files = (
				D455AB982CA19B9600CC81E2 /* little_lemonUITestsLaunchTests.swift in Sources */,
				D455AB962CA19B9600CC81E2 /* little_lemonUITests.swift in Sources */,
			);
			runOnlyForDeploymentPostprocessing = 0;
		};
/* End PBXSourcesBuildPhase section */

/* Begin PBXTargetDependency section */
		D455AB892CA19B9600CC81E2 /* PBXTargetDependency */ = {
			isa = PBXTargetDependency;
			target = D455AB762CA19B9400CC81E2 /* little_lemon */;
			targetProxy = D455AB882CA19B9600CC81E2 /* PBXContainerItemProxy */;
		};
		D455AB932CA19B9600CC81E2 /* PBXTargetDependency */ = {
			isa = PBXTargetDependency;
			target = D455AB762CA19B9400CC81E2 /* little_lemon */;
			targetProxy = D455AB922CA19B9600CC81E2 /* PBXContainerItemProxy */;
		};
/* End PBXTargetDependency section */

/* Begin XCBuildConfiguration section */
		D455AB992CA19B9600CC81E2 /* Debug */ = {
			isa = XCBuildConfiguration;
			buildSettings = {
				ALWAYS_SEARCH_USER_PATHS = NO;
				ASSETCATALOG_COMPILER_GENERATE_SWIFT_ASSET_SYMBOL_EXTENSIONS = YES;
				CLANG_ANALYZER_NONNULL = YES;
				CLANG_ANALYZER_NUMBER_OBJECT_CONVERSION = YES_AGGRESSIVE;
				CLANG_CXX_LANGUAGE_STANDARD = "gnu++20";
				CLANG_ENABLE_MODULES = YES;
				CLANG_ENABLE_OBJC_ARC = YES;
				CLANG_ENABLE_OBJC_WEAK = YES;
				CLANG_WARN_BLOCK_CAPTURE_AUTORELEASING = YES;
				CLANG_WARN_BOOL_CONVERSION = YES;
				CLANG_WARN_COMMA = YES;
				CLANG_WARN_CONSTANT_CONVERSION = YES;
				CLANG_WARN_DEPRECATED_OBJC_IMPLEMENTATIONS = YES;
				CLANG_WARN_DIRECT_OBJC_ISA_USAGE = YES_ERROR;
				CLANG_WARN_DOCUMENTATION_COMMENTS = YES;
				CLANG_WARN_EMPTY_BODY = YES;
				CLANG_WARN_ENUM_CONVERSION = YES;
				CLANG_WARN_INFINITE_RECURSION = YES;
				CLANG_WARN_INT_CONVERSION = YES;
				CLANG_WARN_NON_LITERAL_NULL_CONVERSION = YES;
				CLANG_WARN_OBJC_IMPLICIT_RETAIN_SELF = YES;
				CLANG_WARN_OBJC_LITERAL_CONVERSION = YES;
				CLANG_WARN_OBJC_ROOT_CLASS = YES_ERROR;
				CLANG_WARN_QUOTED_INCLUDE_IN_FRAMEWORK_HEADER = YES;
				CLANG_WARN_RANGE_LOOP_ANALYSIS = YES;
				CLANG_WARN_STRICT_PROTOTYPES = YES;
				CLANG_WARN_SUSPICIOUS_MOVE = YES;
				CLANG_WARN_UNGUARDED_AVAILABILITY = YES_AGGRESSIVE;
				CLANG_WARN_UNREACHABLE_CODE = YES;
				CLANG_WARN__DUPLICATE_METHOD_MATCH = YES;
				COPY_PHASE_STRIP = NO;
				DEBUG_INFORMATION_FORMAT = dwarf;
				ENABLE_STRICT_OBJC_MSGSEND = YES;
				ENABLE_TESTABILITY = YES;
				ENABLE_USER_SCRIPT_SANDBOXING = YES;
				GCC_C_LANGUAGE_STANDARD = gnu17;
				GCC_DYNAMIC_NO_PIC = NO;
				GCC_NO_COMMON_BLOCKS = YES;
				GCC_OPTIMIZATION_LEVEL = 0;
				GCC_PREPROCESSOR_DEFINITIONS = (
					"DEBUG=1",
					"$(inherited)",
				);
				GCC_WARN_64_TO_32_BIT_CONVERSION = YES;
				GCC_WARN_ABOUT_RETURN_TYPE = YES_ERROR;
				GCC_WARN_UNDECLARED_SELECTOR = YES;
				GCC_WARN_UNINITIALIZED_AUTOS = YES_AGGRESSIVE;
				GCC_WARN_UNUSED_FUNCTION = YES;
				GCC_WARN_UNUSED_VARIABLE = YES;
				IPHONEOS_DEPLOYMENT_TARGET = 17.0;
				LOCALIZATION_PREFERS_STRING_CATALOGS = YES;
				MTL_ENABLE_DEBUG_INFO = INCLUDE_SOURCE;
				MTL_FAST_MATH = YES;
				ONLY_ACTIVE_ARCH = YES;
				SDKROOT = iphoneos;
				SWIFT_ACTIVE_COMPILATION_CONDITIONS = "DEBUG $(inherited)";
				SWIFT_OPTIMIZATION_LEVEL = "-Onone";
			};
			name = Debug;
		};
		D455AB9A2CA19B9600CC81E2 /* Release */ = {
			isa = XCBuildConfiguration;
			buildSettings = {
				ALWAYS_SEARCH_USER_PATHS = NO;
				ASSETCATALOG_COMPILER_GENERATE_SWIFT_ASSET_SYMBOL_EXTENSIONS = YES;
				CLANG_ANALYZER_NONNULL = YES;
				CLANG_ANALYZER_NUMBER_OBJECT_CONVERSION = YES_AGGRESSIVE;
				CLANG_CXX_LANGUAGE_STANDARD = "gnu++20";
				CLANG_ENABLE_MODULES = YES;
				CLANG_ENABLE_OBJC_ARC = YES;
				CLANG_ENABLE_OBJC_WEAK = YES;
				CLANG_WARN_BLOCK_CAPTURE_AUTORELEASING = YES;
				CLANG_WARN_BOOL_CONVERSION = YES;
				CLANG_WARN_COMMA = YES;
				CLANG_WARN_CONSTANT_CONVERSION = YES;
				CLANG_WARN_DEPRECATED_OBJC_IMPLEMENTATIONS = YES;
				CLANG_WARN_DIRECT_OBJC_ISA_USAGE = YES_ERROR;
				CLANG_WARN_DOCUMENTATION_COMMENTS = YES;
				CLANG_WARN_EMPTY_BODY = YES;
				CLANG_WARN_ENUM_CONVERSION = YES;
				CLANG_WARN_INFINITE_RECURSION = YES;
				CLANG_WARN_INT_CONVERSION = YES;
				CLANG_WARN_NON_LITERAL_NULL_CONVERSION = YES;
				CLANG_WARN_OBJC_IMPLICIT_RETAIN_SELF = YES;
				CLANG_WARN_OBJC_LITERAL_CONVERSION = YES;
				CLANG_WARN_OBJC_ROOT_CLASS = YES_ERROR;
				CLANG_WARN_QUOTED_INCLUDE_IN_FRAMEWORK_HEADER = YES;
				CLANG_WARN_RANGE_LOOP_ANALYSIS = YES;
				CLANG_WARN_STRICT_PROTOTYPES = YES;
				CLANG_WARN_SUSPICIOUS_MOVE = YES;
				CLANG_WARN_UNGUARDED_AVAILABILITY = YES_AGGRESSIVE;
				CLANG_WARN_UNREACHABLE_CODE = YES;
				CLANG_WARN__DUPLICATE_METHOD_MATCH = YES;
				COPY_PHASE_STRIP = NO;
				DEBUG_INFORMATION_FORMAT = "dwarf-with-dsym";
				ENABLE_NS_ASSERTIONS = NO;
				ENABLE_STRICT_OBJC_MSGSEND = YES;
				ENABLE_USER_SCRIPT_SANDBOXING = YES;
				GCC_C_LANGUAGE_STANDARD = gnu17;
				GCC_NO_COMMON_BLOCKS = YES;
				GCC_WARN_64_TO_32_BIT_CONVERSION = YES;
				GCC_WARN_ABOUT_RETURN_TYPE = YES_ERROR;
				GCC_WARN_UNDECLARED_SELECTOR = YES;
				GCC_WARN_UNINITIALIZED_AUTOS = YES_AGGRESSIVE;
				GCC_WARN_UNUSED_FUNCTION = YES;
				GCC_WARN_UNUSED_VARIABLE = YES;
				IPHONEOS_DEPLOYMENT_TARGET = 17.0;
				LOCALIZATION_PREFERS_STRING_CATALOGS = YES;
				MTL_ENABLE_DEBUG_INFO = NO;
				MTL_FAST_MATH = YES;
				SDKROOT = iphoneos;
				SWIFT_COMPILATION_MODE = wholemodule;
				VALIDATE_PRODUCT = YES;
			};
			name = Release;
		};
		D455AB9C2CA19B9600CC81E2 /* Debug */ = {
			isa = XCBuildConfiguration;
			buildSettings = {
				ASSETCATALOG_COMPILER_APPICON_NAME = AppIcon;
				ASSETCATALOG_COMPILER_GLOBAL_ACCENT_COLOR_NAME = AccentColor;
				CODE_SIGN_STYLE = Automatic;
				CURRENT_PROJECT_VERSION = 1;
				DEVELOPMENT_ASSET_PATHS = "\"little_lemon/Preview Content\"";
				DEVELOPMENT_TEAM = 4CX6QTG6ZB;
				ENABLE_PREVIEWS = YES;
				GENERATE_INFOPLIST_FILE = YES;
				INFOPLIST_KEY_UIApplicationSceneManifest_Generation = YES;
				INFOPLIST_KEY_UIApplicationSupportsIndirectInputEvents = YES;
				INFOPLIST_KEY_UILaunchScreen_Generation = YES;
				INFOPLIST_KEY_UISupportedInterfaceOrientations_iPad = "UIInterfaceOrientationPortrait UIInterfaceOrientationPortraitUpsideDown UIInterfaceOrientationLandscapeLeft UIInterfaceOrientationLandscapeRight";
				INFOPLIST_KEY_UISupportedInterfaceOrientations_iPhone = "UIInterfaceOrientationPortrait UIInterfaceOrientationLandscapeLeft UIInterfaceOrientationLandscapeRight";
				LD_RUNPATH_SEARCH_PATHS = (
					"$(inherited)",
					"@executable_path/Frameworks",
				);
				MARKETING_VERSION = 1.0;
				PRODUCT_BUNDLE_IDENTIFIER = "app.little-lemon";
				PRODUCT_NAME = "$(TARGET_NAME)";
				SWIFT_EMIT_LOC_STRINGS = YES;
				SWIFT_VERSION = 5.0;
				TARGETED_DEVICE_FAMILY = "1,2";
			};
			name = Debug;
		};
		D455AB9D2CA19B9600CC81E2 /* Release */ = {
			isa = XCBuildConfiguration;
			buildSettings = {
				ASSETCATALOG_COMPILER_APPICON_NAME = AppIcon;
				ASSETCATALOG_COMPILER_GLOBAL_ACCENT_COLOR_NAME = AccentColor;
				CODE_SIGN_STYLE = Automatic;
				CURRENT_PROJECT_VERSION = 1;
				DEVELOPMENT_ASSET_PATHS = "\"little_lemon/Preview Content\"";
				DEVELOPMENT_TEAM = 4CX6QTG6ZB;
				ENABLE_PREVIEWS = YES;
				GENERATE_INFOPLIST_FILE = YES;
				INFOPLIST_KEY_UIApplicationSceneManifest_Generation = YES;
				INFOPLIST_KEY_UIApplicationSupportsIndirectInputEvents = YES;
				INFOPLIST_KEY_UILaunchScreen_Generation = YES;
				INFOPLIST_KEY_UISupportedInterfaceOrientations_iPad = "UIInterfaceOrientationPortrait UIInterfaceOrientationPortraitUpsideDown UIInterfaceOrientationLandscapeLeft UIInterfaceOrientationLandscapeRight";
				INFOPLIST_KEY_UISupportedInterfaceOrientations_iPhone = "UIInterfaceOrientationPortrait UIInterfaceOrientationLandscapeLeft UIInterfaceOrientationLandscapeRight";
				LD_RUNPATH_SEARCH_PATHS = (
					"$(inherited)",
					"@executable_path/Frameworks",
				);
				MARKETING_VERSION = 1.0;
				PRODUCT_BUNDLE_IDENTIFIER = "app.little-lemon";
				PRODUCT_NAME = "$(TARGET_NAME)";
				SWIFT_EMIT_LOC_STRINGS = YES;
				SWIFT_VERSION = 5.0;
				TARGETED_DEVICE_FAMILY = "1,2";
			};
			name = Release;
		};
		D455AB9F2CA19B9600CC81E2 /* Debug */ = {
			isa = XCBuildConfiguration;
			buildSettings = {
				ALWAYS_EMBED_SWIFT_STANDARD_LIBRARIES = YES;
				BUNDLE_LOADER = "$(TEST_HOST)";
				CODE_SIGN_STYLE = Automatic;
				CURRENT_PROJECT_VERSION = 1;
				DEVELOPMENT_TEAM = 4CX6QTG6ZB;
				GENERATE_INFOPLIST_FILE = YES;
				IPHONEOS_DEPLOYMENT_TARGET = 17.0;
				MARKETING_VERSION = 1.0;
				PRODUCT_BUNDLE_IDENTIFIER = "app.little-lemonTests";
				PRODUCT_NAME = "$(TARGET_NAME)";
				SWIFT_EMIT_LOC_STRINGS = NO;
				SWIFT_VERSION = 5.0;
				TARGETED_DEVICE_FAMILY = "1,2";
				TEST_HOST = "$(BUILT_PRODUCTS_DIR)/little_lemon.app/$(BUNDLE_EXECUTABLE_FOLDER_PATH)/little_lemon";
			};
			name = Debug;
		};
		D455ABA02CA19B9600CC81E2 /* Release */ = {
			isa = XCBuildConfiguration;
			buildSettings = {
				ALWAYS_EMBED_SWIFT_STANDARD_LIBRARIES = YES;
				BUNDLE_LOADER = "$(TEST_HOST)";
				CODE_SIGN_STYLE = Automatic;
				CURRENT_PROJECT_VERSION = 1;
				DEVELOPMENT_TEAM = 4CX6QTG6ZB;
				GENERATE_INFOPLIST_FILE = YES;
				IPHONEOS_DEPLOYMENT_TARGET = 17.0;
				MARKETING_VERSION = 1.0;
				PRODUCT_BUNDLE_IDENTIFIER = "app.little-lemonTests";
				PRODUCT_NAME = "$(TARGET_NAME)";
				SWIFT_EMIT_LOC_STRINGS = NO;
				SWIFT_VERSION = 5.0;
				TARGETED_DEVICE_FAMILY = "1,2";
				TEST_HOST = "$(BUILT_PRODUCTS_DIR)/little_lemon.app/$(BUNDLE_EXECUTABLE_FOLDER_PATH)/little_lemon";
			};
			name = Release;
		};
		D455ABA22CA19B9600CC81E2 /* Debug */ = {
			isa = XCBuildConfiguration;
			buildSettings = {
				ALWAYS_EMBED_SWIFT_STANDARD_LIBRARIES = YES;
				CODE_SIGN_STYLE = Automatic;
				CURRENT_PROJECT_VERSION = 1;
				DEVELOPMENT_TEAM = 4CX6QTG6ZB;
				GENERATE_INFOPLIST_FILE = YES;
				MARKETING_VERSION = 1.0;
				PRODUCT_BUNDLE_IDENTIFIER = "app.little-lemonUITests";
				PRODUCT_NAME = "$(TARGET_NAME)";
				SWIFT_EMIT_LOC_STRINGS = NO;
				SWIFT_VERSION = 5.0;
				TARGETED_DEVICE_FAMILY = "1,2";
				TEST_TARGET_NAME = little_lemon;
			};
			name = Debug;
		};
		D455ABA32CA19B9600CC81E2 /* Release */ = {
			isa = XCBuildConfiguration;
			buildSettings = {
				ALWAYS_EMBED_SWIFT_STANDARD_LIBRARIES = YES;
				CODE_SIGN_STYLE = Automatic;
				CURRENT_PROJECT_VERSION = 1;
				DEVELOPMENT_TEAM = 4CX6QTG6ZB;
				GENERATE_INFOPLIST_FILE = YES;
				MARKETING_VERSION = 1.0;
				PRODUCT_BUNDLE_IDENTIFIER = "app.little-lemonUITests";
				PRODUCT_NAME = "$(TARGET_NAME)";
				SWIFT_EMIT_LOC_STRINGS = NO;
				SWIFT_VERSION = 5.0;
				TARGETED_DEVICE_FAMILY = "1,2";
				TEST_TARGET_NAME = little_lemon;
			};
			name = Release;
		};
/* End XCBuildConfiguration section */

/* Begin XCConfigurationList section */
		D455AB722CA19B9400CC81E2 /* Build configuration list for PBXProject "little_lemon" */ = {
			isa = XCConfigurationList;
			buildConfigurations = (
				D455AB992CA19B9600CC81E2 /* Debug */,
				D455AB9A2CA19B9600CC81E2 /* Release */,
			);
			defaultConfigurationIsVisible = 0;
			defaultConfigurationName = Release;
		};
		D455AB9B2CA19B9600CC81E2 /* Build configuration list for PBXNativeTarget "little_lemon" */ = {
			isa = XCConfigurationList;
			buildConfigurations = (
				D455AB9C2CA19B9600CC81E2 /* Debug */,
				D455AB9D2CA19B9600CC81E2 /* Release */,
			);
			defaultConfigurationIsVisible = 0;
			defaultConfigurationName = Release;
		};
		D455AB9E2CA19B9600CC81E2 /* Build configuration list for PBXNativeTarget "little_lemonTests" */ = {
			isa = XCConfigurationList;
			buildConfigurations = (
				D455AB9F2CA19B9600CC81E2 /* Debug */,
				D455ABA02CA19B9600CC81E2 /* Release */,
			);
			defaultConfigurationIsVisible = 0;
			defaultConfigurationName = Release;
		};
		D455ABA12CA19B9600CC81E2 /* Build configuration list for PBXNativeTarget "little_lemonUITests" */ = {
			isa = XCConfigurationList;
			buildConfigurations = (
				D455ABA22CA19B9600CC81E2 /* Debug */,
				D455ABA32CA19B9600CC81E2 /* Release */,
			);
			defaultConfigurationIsVisible = 0;
			defaultConfigurationName = Release;
		};
/* End XCConfigurationList section */

/* Begin XCVersionGroup section */
		D455ABAC2CA19D1B00CC81E2 /* ExampleDatabase.xcdatamodeld */ = {
			isa = XCVersionGroup;
			children = (
				D455ABAD2CA19D1B00CC81E2 /* ExampleDatabase.xcdatamodel */,
			);
			currentVersion = D455ABAD2CA19D1B00CC81E2 /* ExampleDatabase.xcdatamodel */;
			path = ExampleDatabase.xcdatamodeld;
			sourceTree = "<group>";
			versionGroupType = wrapper.xcdatamodel;
		};
/* End XCVersionGroup section */
	};
	rootObject = D455AB6F2CA19B9400CC81E2 /* Project object */;
}
